// !$*UTF8*$!
{
	archiveVersion = 1;
	classes = {
	};
	objectVersion = 56;
	objects = {

/* Begin PBXBuildFile section */
		C15A9971299E2E8A0066A3E7 /* logo.swift in Sources */ = {isa = PBXBuildFile; fileRef = C15A9970299E2E8A0066A3E7 /* logo.swift */; };
		C1A3059329A2CA120066629E /* Model.xcdatamodel in Sources */ = {isa = PBXBuildFile; fileRef = C1A3059129A2C8140066629E /* Model.xcdatamodel */; };
		C1A3059529A3C7520066629E /* AppDelegate.swift in Sources */ = {isa = PBXBuildFile; fileRef = C1A3059429A3C7520066629E /* AppDelegate.swift */; };
		C1AA87E22998C6B400747EA0 /* Save_It_RightApp.swift in Sources */ = {isa = PBXBuildFile; fileRef = C1AA87E12998C6B400747EA0 /* Save_It_RightApp.swift */; };
		C1AA87E42998C6B400747EA0 /* OnBoarding.swift in Sources */ = {isa = PBXBuildFile; fileRef = C1AA87E32998C6B400747EA0 /* OnBoarding.swift */; };
		C1AA87E62998C6B600747EA0 /* Assets.xcassets in Resources */ = {isa = PBXBuildFile; fileRef = C1AA87E52998C6B600747EA0 /* Assets.xcassets */; };
		C1AA87E92998C6B600747EA0 /* Preview Assets.xcassets in Resources */ = {isa = PBXBuildFile; fileRef = C1AA87E82998C6B600747EA0 /* Preview Assets.xcassets */; };
		C1AA87F02998C7F900747EA0 /* MainPage.swift in Sources */ = {isa = PBXBuildFile; fileRef = C1AA87EF2998C7F900747EA0 /* MainPage.swift */; };
		C1AA87F22998C80E00747EA0 /* UISafeArea.swift in Sources */ = {isa = PBXBuildFile; fileRef = C1AA87F12998C80E00747EA0 /* UISafeArea.swift */; };
		C1AA87F42998C83400747EA0 /* Categories.swift in Sources */ = {isa = PBXBuildFile; fileRef = C1AA87F32998C83400747EA0 /* Categories.swift */; };
		C1AA87F62998C85100747EA0 /* WarrantyPage.swift in Sources */ = {isa = PBXBuildFile; fileRef = C1AA87F52998C85100747EA0 /* WarrantyPage.swift */; };
		C1AA87F82998C86700747EA0 /* ImagePicker.swift in Sources */ = {isa = PBXBuildFile; fileRef = C1AA87F72998C86700747EA0 /* ImagePicker.swift */; };
		C1ADC51D299941B0001DB130 /* PersistanceController.swift in Sources */ = {isa = PBXBuildFile; fileRef = C1ADC51C299941B0001DB130 /* PersistanceController.swift */; };
		C1F8711229A20873006017E8 /* Localizable.strings in Resources */ = {isa = PBXBuildFile; fileRef = C1F8711429A20873006017E8 /* Localizable.strings */; };
		C1F8712529A284C0006017E8 /* Warranty+CoreDataProperties.swift in Sources */ = {isa = PBXBuildFile; fileRef = C1F8712429A284C0006017E8 /* Warranty+CoreDataProperties.swift */; };
		C1F8712929A2BF57006017E8 /* SceneDelegate.swift in Sources */ = {isa = PBXBuildFile; fileRef = C1F8712829A2BF57006017E8 /* SceneDelegate.swift */; };
		C1FB546729994677005F77D4 /* Warranty+CoreDataClass.swift in Sources */ = {isa = PBXBuildFile; fileRef = C1FB546529994677005F77D4 /* Warranty+CoreDataClass.swift */; };
		C1FB546A29994922005F77D4 /* WarrantiesList.swift in Sources */ = {isa = PBXBuildFile; fileRef = C1FB546929994922005F77D4 /* WarrantiesList.swift */; };
		C1FB546C29994D3D005F77D4 /* Helpers.swift in Sources */ = {isa = PBXBuildFile; fileRef = C1FB546B29994D3D005F77D4 /* Helpers.swift */; };
/* End PBXBuildFile section */

/* Begin PBXFileReference section */
		C15A9970299E2E8A0066A3E7 /* logo.swift */ = {isa = PBXFileReference; lastKnownFileType = sourcecode.swift; path = logo.swift; sourceTree = "<group>"; };
		C1A3059129A2C8140066629E /* Model.xcdatamodel */ = {isa = PBXFileReference; lastKnownFileType = wrapper.xcdatamodel; path = Model.xcdatamodel; sourceTree = "<group>"; };
		C1A3059429A3C7520066629E /* AppDelegate.swift */ = {isa = PBXFileReference; lastKnownFileType = sourcecode.swift; path = AppDelegate.swift; sourceTree = "<group>"; };
		C1AA87DE2998C6B400747EA0 /* Save It Right.app */ = {isa = PBXFileReference; explicitFileType = wrapper.application; includeInIndex = 0; path = "Save It Right.app"; sourceTree = BUILT_PRODUCTS_DIR; };
		C1AA87E12998C6B400747EA0 /* Save_It_RightApp.swift */ = {isa = PBXFileReference; lastKnownFileType = sourcecode.swift; path = Save_It_RightApp.swift; sourceTree = "<group>"; };
		C1AA87E32998C6B400747EA0 /* OnBoarding.swift */ = {isa = PBXFileReference; lastKnownFileType = sourcecode.swift; path = OnBoarding.swift; sourceTree = "<group>"; };
		C1AA87E52998C6B600747EA0 /* Assets.xcassets */ = {isa = PBXFileReference; lastKnownFileType = folder.assetcatalog; path = Assets.xcassets; sourceTree = "<group>"; };
		C1AA87E82998C6B600747EA0 /* Preview Assets.xcassets */ = {isa = PBXFileReference; lastKnownFileType = folder.assetcatalog; path = "Preview Assets.xcassets"; sourceTree = "<group>"; };
		C1AA87EF2998C7F900747EA0 /* MainPage.swift */ = {isa = PBXFileReference; lastKnownFileType = sourcecode.swift; path = MainPage.swift; sourceTree = "<group>"; };
		C1AA87F12998C80E00747EA0 /* UISafeArea.swift */ = {isa = PBXFileReference; lastKnownFileType = sourcecode.swift; path = UISafeArea.swift; sourceTree = "<group>"; };
		C1AA87F32998C83400747EA0 /* Categories.swift */ = {isa = PBXFileReference; lastKnownFileType = sourcecode.swift; path = Categories.swift; sourceTree = "<group>"; };
		C1AA87F52998C85100747EA0 /* WarrantyPage.swift */ = {isa = PBXFileReference; lastKnownFileType = sourcecode.swift; path = WarrantyPage.swift; sourceTree = "<group>"; };
		C1AA87F72998C86700747EA0 /* ImagePicker.swift */ = {isa = PBXFileReference; lastKnownFileType = sourcecode.swift; path = ImagePicker.swift; sourceTree = "<group>"; };
		C1ADC51C299941B0001DB130 /* PersistanceController.swift */ = {isa = PBXFileReference; lastKnownFileType = sourcecode.swift; path = PersistanceController.swift; sourceTree = "<group>"; };
		C1F8711329A20873006017E8 /* en */ = {isa = PBXFileReference; lastKnownFileType = text.plist.strings; name = en; path = en.lproj/Localizable.strings; sourceTree = "<group>"; };
		C1F8711C29A215F0006017E8 /* ar */ = {isa = PBXFileReference; lastKnownFileType = text.plist.strings; name = ar; path = ar.lproj/Localizable.strings; sourceTree = "<group>"; };
		C1F8712429A284C0006017E8 /* Warranty+CoreDataProperties.swift */ = {isa = PBXFileReference; fileEncoding = 4; lastKnownFileType = sourcecode.swift; path = "Warranty+CoreDataProperties.swift"; sourceTree = "<group>"; };
		C1F8712629A2B60C006017E8 /* Save-It-Right-Info.plist */ = {isa = PBXFileReference; lastKnownFileType = text.plist; path = "Save-It-Right-Info.plist"; sourceTree = SOURCE_ROOT; };
		C1F8712729A2B631006017E8 /* Save It Right.entitlements */ = {isa = PBXFileReference; lastKnownFileType = text.plist.entitlements; path = "Save It Right.entitlements"; sourceTree = "<group>"; };
		C1F8712829A2BF57006017E8 /* SceneDelegate.swift */ = {isa = PBXFileReference; lastKnownFileType = sourcecode.swift; path = SceneDelegate.swift; sourceTree = "<group>"; };
		C1FB546529994677005F77D4 /* Warranty+CoreDataClass.swift */ = {isa = PBXFileReference; lastKnownFileType = sourcecode.swift; path = "Warranty+CoreDataClass.swift"; sourceTree = SOURCE_ROOT; };
		C1FB546929994922005F77D4 /* WarrantiesList.swift */ = {isa = PBXFileReference; lastKnownFileType = sourcecode.swift; path = WarrantiesList.swift; sourceTree = "<group>"; };
		C1FB546B29994D3D005F77D4 /* Helpers.swift */ = {isa = PBXFileReference; lastKnownFileType = sourcecode.swift; path = Helpers.swift; sourceTree = "<group>"; };
/* End PBXFileReference section */

/* Begin PBXFrameworksBuildPhase section */
		C1AA87DB2998C6B400747EA0 /* Frameworks */ = {
			isa = PBXFrameworksBuildPhase;
			buildActionMask = 2147483647;
			files = (
			);
			runOnlyForDeploymentPostprocessing = 0;
		};
/* End PBXFrameworksBuildPhase section */

/* Begin PBXGroup section */
		C1AA87D52998C6B400747EA0 = {
			isa = PBXGroup;
			children = (
				C1A3059429A3C7520066629E /* AppDelegate.swift */,
				C1F8711429A20873006017E8 /* Localizable.strings */,
				C1ADC51E299941F0001DB130 /* CloudKit */,
				C1AA87E02998C6B400747EA0 /* Save It Right */,
				C1AA87DF2998C6B400747EA0 /* Products */,
			);
			sourceTree = "<group>";
		};
		C1AA87DF2998C6B400747EA0 /* Products */ = {
			isa = PBXGroup;
			children = (
				C1AA87DE2998C6B400747EA0 /* Save It Right.app */,
			);
			name = Products;
			sourceTree = "<group>";
		};
		C1AA87E02998C6B400747EA0 /* Save It Right */ = {
			isa = PBXGroup;
			children = (
				C1F8712729A2B631006017E8 /* Save It Right.entitlements */,
				C1F8712629A2B60C006017E8 /* Save-It-Right-Info.plist */,
				C1AA87E12998C6B400747EA0 /* Save_It_RightApp.swift */,
				C1AA87E32998C6B400747EA0 /* OnBoarding.swift */,
				C1AA87EF2998C7F900747EA0 /* MainPage.swift */,
				C1FB546B29994D3D005F77D4 /* Helpers.swift */,
				C1AA87F12998C80E00747EA0 /* UISafeArea.swift */,
				C1AA87F32998C83400747EA0 /* Categories.swift */,
				C1AA87F52998C85100747EA0 /* WarrantyPage.swift */,
				C1FB546929994922005F77D4 /* WarrantiesList.swift */,
				C1AA87F72998C86700747EA0 /* ImagePicker.swift */,
				C15A9970299E2E8A0066A3E7 /* logo.swift */,
				C1AA87E52998C6B600747EA0 /* Assets.xcassets */,
				C1AA87E72998C6B600747EA0 /* Preview Content */,
			);
			path = "Save It Right";
			sourceTree = "<group>";
		};
		C1AA87E72998C6B600747EA0 /* Preview Content */ = {
			isa = PBXGroup;
			children = (
				C1AA87E82998C6B600747EA0 /* Preview Assets.xcassets */,
			);
			path = "Preview Content";
			sourceTree = "<group>";
		};
		C1ADC51E299941F0001DB130 /* CloudKit */ = {
			isa = PBXGroup;
			children = (
				C1FB546529994677005F77D4 /* Warranty+CoreDataClass.swift */,
				C1F8712429A284C0006017E8 /* Warranty+CoreDataProperties.swift */,
				C1A3059129A2C8140066629E /* Model.xcdatamodel */,
				C1ADC51C299941B0001DB130 /* PersistanceController.swift */,
				C1F8712829A2BF57006017E8 /* SceneDelegate.swift */,
			);
			path = CloudKit;
			sourceTree = "<group>";
		};
/* End PBXGroup section */

/* Begin PBXNativeTarget section */
		C1AA87DD2998C6B400747EA0 /* Save It Right */ = {
			isa = PBXNativeTarget;
			buildConfigurationList = C1AA87EC2998C6B600747EA0 /* Build configuration list for PBXNativeTarget "Save It Right" */;
			buildPhases = (
				C1AA87DA2998C6B400747EA0 /* Sources */,
				C1AA87DB2998C6B400747EA0 /* Frameworks */,
				C1AA87DC2998C6B400747EA0 /* Resources */,
			);
			buildRules = (
			);
			dependencies = (
			);
			name = "Save It Right";
			productName = "Save It Right";
			productReference = C1AA87DE2998C6B400747EA0 /* Save It Right.app */;
			productType = "com.apple.product-type.application";
		};
/* End PBXNativeTarget section */

/* Begin PBXProject section */
		C1AA87D62998C6B400747EA0 /* Project object */ = {
			isa = PBXProject;
			attributes = {
				BuildIndependentTargetsInParallel = 1;
				LastSwiftUpdateCheck = 1420;
				LastUpgradeCheck = 1420;
				TargetAttributes = {
					C1AA87DD2998C6B400747EA0 = {
						CreatedOnToolsVersion = 14.2;
					};
				};
			};
			buildConfigurationList = C1AA87D92998C6B400747EA0 /* Build configuration list for PBXProject "Save It Right" */;
			compatibilityVersion = "Xcode 14.0";
			developmentRegion = en;
			hasScannedForEncodings = 0;
			knownRegions = (
				en,
				Base,
				ar,
			);
			mainGroup = C1AA87D52998C6B400747EA0;
			productRefGroup = C1AA87DF2998C6B400747EA0 /* Products */;
			projectDirPath = "";
			projectRoot = "";
			targets = (
				C1AA87DD2998C6B400747EA0 /* Save It Right */,
			);
		};
/* End PBXProject section */

/* Begin PBXResourcesBuildPhase section */
		C1AA87DC2998C6B400747EA0 /* Resources */ = {
			isa = PBXResourcesBuildPhase;
			buildActionMask = 2147483647;
			files = (
				C1AA87E92998C6B600747EA0 /* Preview Assets.xcassets in Resources */,
				C1F8711229A20873006017E8 /* Localizable.strings in Resources */,
				C1AA87E62998C6B600747EA0 /* Assets.xcassets in Resources */,
			);
			runOnlyForDeploymentPostprocessing = 0;
		};
/* End PBXResourcesBuildPhase section */

/* Begin PBXSourcesBuildPhase section */
		C1AA87DA2998C6B400747EA0 /* Sources */ = {
			isa = PBXSourcesBuildPhase;
			buildActionMask = 2147483647;
			files = (
				C1AA87E42998C6B400747EA0 /* OnBoarding.swift in Sources */,
				C1FB546A29994922005F77D4 /* WarrantiesList.swift in Sources */,
				C1AA87F62998C85100747EA0 /* WarrantyPage.swift in Sources */,
				C1AA87F22998C80E00747EA0 /* UISafeArea.swift in Sources */,
				C15A9971299E2E8A0066A3E7 /* logo.swift in Sources */,
				C1F8712929A2BF57006017E8 /* SceneDelegate.swift in Sources */,
				C1A3059329A2CA120066629E /* Model.xcdatamodel in Sources */,
				C1AA87F82998C86700747EA0 /* ImagePicker.swift in Sources */,
				C1A3059529A3C7520066629E /* AppDelegate.swift in Sources */,
				C1ADC51D299941B0001DB130 /* PersistanceController.swift in Sources */,
				C1AA87F42998C83400747EA0 /* Categories.swift in Sources */,
				C1F8712529A284C0006017E8 /* Warranty+CoreDataProperties.swift in Sources */,
				C1FB546729994677005F77D4 /* Warranty+CoreDataClass.swift in Sources */,
				C1AA87E22998C6B400747EA0 /* Save_It_RightApp.swift in Sources */,
				C1FB546C29994D3D005F77D4 /* Helpers.swift in Sources */,
				C1AA87F02998C7F900747EA0 /* MainPage.swift in Sources */,
			);
			runOnlyForDeploymentPostprocessing = 0;
		};
/* End PBXSourcesBuildPhase section */

/* Begin PBXVariantGroup section */
		C1F8711429A20873006017E8 /* Localizable.strings */ = {
			isa = PBXVariantGroup;
			children = (
				C1F8711329A20873006017E8 /* en */,
				C1F8711C29A215F0006017E8 /* ar */,
			);
			name = Localizable.strings;
			sourceTree = "<group>";
		};
/* End PBXVariantGroup section */

/* Begin XCBuildConfiguration section */
		C1AA87EA2998C6B600747EA0 /* Debug */ = {
			isa = XCBuildConfiguration;
			buildSettings = {
				ALWAYS_SEARCH_USER_PATHS = NO;
				CLANG_ANALYZER_LOCALIZABILITY_NONLOCALIZED = YES;
				CLANG_ANALYZER_NONNULL = YES;
				CLANG_ANALYZER_NUMBER_OBJECT_CONVERSION = YES_AGGRESSIVE;
				CLANG_CXX_LANGUAGE_STANDARD = "gnu++20";
				CLANG_ENABLE_MODULES = YES;
				CLANG_ENABLE_OBJC_ARC = YES;
				CLANG_ENABLE_OBJC_WEAK = YES;
				CLANG_WARN_BLOCK_CAPTURE_AUTORELEASING = YES;
				CLANG_WARN_BOOL_CONVERSION = YES;
				CLANG_WARN_COMMA = YES;
				CLANG_WARN_CONSTANT_CONVERSION = YES;
				CLANG_WARN_DEPRECATED_OBJC_IMPLEMENTATIONS = YES;
				CLANG_WARN_DIRECT_OBJC_ISA_USAGE = YES_ERROR;
				CLANG_WARN_DOCUMENTATION_COMMENTS = YES;
				CLANG_WARN_EMPTY_BODY = YES;
				CLANG_WARN_ENUM_CONVERSION = YES;
				CLANG_WARN_INFINITE_RECURSION = YES;
				CLANG_WARN_INT_CONVERSION = YES;
				CLANG_WARN_NON_LITERAL_NULL_CONVERSION = YES;
				CLANG_WARN_OBJC_IMPLICIT_RETAIN_SELF = YES;
				CLANG_WARN_OBJC_LITERAL_CONVERSION = YES;
				CLANG_WARN_OBJC_ROOT_CLASS = YES_ERROR;
				CLANG_WARN_QUOTED_INCLUDE_IN_FRAMEWORK_HEADER = YES;
				CLANG_WARN_RANGE_LOOP_ANALYSIS = YES;
				CLANG_WARN_STRICT_PROTOTYPES = YES;
				CLANG_WARN_SUSPICIOUS_MOVE = YES;
				CLANG_WARN_UNGUARDED_AVAILABILITY = YES_AGGRESSIVE;
				CLANG_WARN_UNREACHABLE_CODE = YES;
				CLANG_WARN__DUPLICATE_METHOD_MATCH = YES;
				COPY_PHASE_STRIP = NO;
				DEBUG_INFORMATION_FORMAT = dwarf;
				ENABLE_STRICT_OBJC_MSGSEND = YES;
				ENABLE_TESTABILITY = YES;
				GCC_C_LANGUAGE_STANDARD = gnu11;
				GCC_DYNAMIC_NO_PIC = NO;
				GCC_NO_COMMON_BLOCKS = YES;
				GCC_OPTIMIZATION_LEVEL = 0;
				GCC_PREPROCESSOR_DEFINITIONS = (
					"DEBUG=1",
					"$(inherited)",
				);
				GCC_WARN_64_TO_32_BIT_CONVERSION = YES;
				GCC_WARN_ABOUT_RETURN_TYPE = YES_ERROR;
				GCC_WARN_UNDECLARED_SELECTOR = YES;
				GCC_WARN_UNINITIALIZED_AUTOS = YES_AGGRESSIVE;
				GCC_WARN_UNUSED_FUNCTION = YES;
				GCC_WARN_UNUSED_VARIABLE = YES;
				IPHONEOS_DEPLOYMENT_TARGET = 16.2;
				MTL_ENABLE_DEBUG_INFO = INCLUDE_SOURCE;
				MTL_FAST_MATH = YES;
				ONLY_ACTIVE_ARCH = YES;
				OTHER_SWIFT_FLAGS = "";
				SDKROOT = iphoneos;
				SWIFT_ACTIVE_COMPILATION_CONDITIONS = DEBUG;
				SWIFT_OPTIMIZATION_LEVEL = "-Onone";
			};
			name = Debug;
		};
		C1AA87EB2998C6B600747EA0 /* Release */ = {
			isa = XCBuildConfiguration;
			buildSettings = {
				ALWAYS_SEARCH_USER_PATHS = NO;
				CLANG_ANALYZER_LOCALIZABILITY_NONLOCALIZED = YES;
				CLANG_ANALYZER_NONNULL = YES;
				CLANG_ANALYZER_NUMBER_OBJECT_CONVERSION = YES_AGGRESSIVE;
				CLANG_CXX_LANGUAGE_STANDARD = "gnu++20";
				CLANG_ENABLE_MODULES = YES;
				CLANG_ENABLE_OBJC_ARC = YES;
				CLANG_ENABLE_OBJC_WEAK = YES;
				CLANG_WARN_BLOCK_CAPTURE_AUTORELEASING = YES;
				CLANG_WARN_BOOL_CONVERSION = YES;
				CLANG_WARN_COMMA = YES;
				CLANG_WARN_CONSTANT_CONVERSION = YES;
				CLANG_WARN_DEPRECATED_OBJC_IMPLEMENTATIONS = YES;
				CLANG_WARN_DIRECT_OBJC_ISA_USAGE = YES_ERROR;
				CLANG_WARN_DOCUMENTATION_COMMENTS = YES;
				CLANG_WARN_EMPTY_BODY = YES;
				CLANG_WARN_ENUM_CONVERSION = YES;
				CLANG_WARN_INFINITE_RECURSION = YES;
				CLANG_WARN_INT_CONVERSION = YES;
				CLANG_WARN_NON_LITERAL_NULL_CONVERSION = YES;
				CLANG_WARN_OBJC_IMPLICIT_RETAIN_SELF = YES;
				CLANG_WARN_OBJC_LITERAL_CONVERSION = YES;
				CLANG_WARN_OBJC_ROOT_CLASS = YES_ERROR;
				CLANG_WARN_QUOTED_INCLUDE_IN_FRAMEWORK_HEADER = YES;
				CLANG_WARN_RANGE_LOOP_ANALYSIS = YES;
				CLANG_WARN_STRICT_PROTOTYPES = YES;
				CLANG_WARN_SUSPICIOUS_MOVE = YES;
				CLANG_WARN_UNGUARDED_AVAILABILITY = YES_AGGRESSIVE;
				CLANG_WARN_UNREACHABLE_CODE = YES;
				CLANG_WARN__DUPLICATE_METHOD_MATCH = YES;
				COPY_PHASE_STRIP = NO;
				DEBUG_INFORMATION_FORMAT = "dwarf-with-dsym";
				ENABLE_NS_ASSERTIONS = NO;
				ENABLE_STRICT_OBJC_MSGSEND = YES;
				GCC_C_LANGUAGE_STANDARD = gnu11;
				GCC_NO_COMMON_BLOCKS = YES;
				GCC_WARN_64_TO_32_BIT_CONVERSION = YES;
				GCC_WARN_ABOUT_RETURN_TYPE = YES_ERROR;
				GCC_WARN_UNDECLARED_SELECTOR = YES;
				GCC_WARN_UNINITIALIZED_AUTOS = YES_AGGRESSIVE;
				GCC_WARN_UNUSED_FUNCTION = YES;
				GCC_WARN_UNUSED_VARIABLE = YES;
				IPHONEOS_DEPLOYMENT_TARGET = 16.2;
				MTL_ENABLE_DEBUG_INFO = NO;
				MTL_FAST_MATH = YES;
				OTHER_SWIFT_FLAGS = "";
				SDKROOT = iphoneos;
				SWIFT_COMPILATION_MODE = wholemodule;
				SWIFT_OPTIMIZATION_LEVEL = "-O";
				VALIDATE_PRODUCT = YES;
			};
			name = Release;
		};
		C1AA87ED2998C6B600747EA0 /* Debug */ = {
			isa = XCBuildConfiguration;
			buildSettings = {
				ASSETCATALOG_COMPILER_APPICON_NAME = AppIcon;
				ASSETCATALOG_COMPILER_GLOBAL_ACCENT_COLOR_NAME = AccentColor;
				CODE_SIGN_ENTITLEMENTS = "Save It Right/Save It Right.entitlements";
				CODE_SIGN_STYLE = Automatic;
				CURRENT_PROJECT_VERSION = 1;
				DEVELOPMENT_ASSET_PATHS = "\"Save It Right/Preview Content\"";
				DEVELOPMENT_TEAM = Z6BQ8T8Z68;
				ENABLE_PREVIEWS = YES;
				GENERATE_INFOPLIST_FILE = YES;
				INFOPLIST_FILE = "Save-It-Right-Info.plist";
				INFOPLIST_KEY_UIApplicationSceneManifest_Generation = YES;
				INFOPLIST_KEY_UIApplicationSupportsIndirectInputEvents = YES;
				INFOPLIST_KEY_UILaunchScreen_Generation = YES;
				INFOPLIST_KEY_UIStatusBarStyle = UIStatusBarStyleDarkContent;
				INFOPLIST_KEY_UISupportedInterfaceOrientations = UIInterfaceOrientationPortrait;
				LD_RUNPATH_SEARCH_PATHS = (
					"$(inherited)",
					"@executable_path/Frameworks",
				);
				MARKETING_VERSION = 1.0;
				OTHER_SWIFT_FLAGS = "";
				PRODUCT_BUNDLE_IDENTIFIER = Shoug.SaveItRight;
				PRODUCT_NAME = "$(TARGET_NAME)";
				SUPPORTED_PLATFORMS = "iphoneos iphonesimulator";
				SUPPORTS_MACCATALYST = NO;
				SUPPORTS_MAC_DESIGNED_FOR_IPHONE_IPAD = NO;
				SWIFT_EMIT_LOC_STRINGS = YES;
				SWIFT_VERSION = 5.0;
				TARGETED_DEVICE_FAMILY = 1;
			};
			name = Debug;
		};
		C1AA87EE2998C6B600747EA0 /* Release */ = {
			isa = XCBuildConfiguration;
			buildSettings = {
				ASSETCATALOG_COMPILER_APPICON_NAME = AppIcon;
				ASSETCATALOG_COMPILER_GLOBAL_ACCENT_COLOR_NAME = AccentColor;
				CODE_SIGN_ENTITLEMENTS = "Save It Right/Save It Right.entitlements";
				CODE_SIGN_STYLE = Automatic;
				CURRENT_PROJECT_VERSION = 1;
				DEVELOPMENT_ASSET_PATHS = "\"Save It Right/Preview Content\"";
				DEVELOPMENT_TEAM = Z6BQ8T8Z68;
				ENABLE_PREVIEWS = YES;
				GENERATE_INFOPLIST_FILE = YES;
				INFOPLIST_FILE = "Save-It-Right-Info.plist";
				INFOPLIST_KEY_UIApplicationSceneManifest_Generation = YES;
				INFOPLIST_KEY_UIApplicationSupportsIndirectInputEvents = YES;
				INFOPLIST_KEY_UILaunchScreen_Generation = YES;
				INFOPLIST_KEY_UIStatusBarStyle = UIStatusBarStyleDarkContent;
				INFOPLIST_KEY_UISupportedInterfaceOrientations = UIInterfaceOrientationPortrait;
				LD_RUNPATH_SEARCH_PATHS = (
					"$(inherited)",
					"@executable_path/Frameworks",
				);
				MARKETING_VERSION = 1.0;
				PRODUCT_BUNDLE_IDENTIFIER = Shoug.SaveItRight;
				PRODUCT_NAME = "$(TARGET_NAME)";
				SUPPORTED_PLATFORMS = "iphoneos iphonesimulator";
				SUPPORTS_MACCATALYST = NO;
				SUPPORTS_MAC_DESIGNED_FOR_IPHONE_IPAD = NO;
				SWIFT_EMIT_LOC_STRINGS = YES;
				SWIFT_VERSION = 5.0;
				TARGETED_DEVICE_FAMILY = 1;
			};
			name = Release;
		};
/* End XCBuildConfiguration section */

/* Begin XCConfigurationList section */
		C1AA87D92998C6B400747EA0 /* Build configuration list for PBXProject "Save It Right" */ = {
			isa = XCConfigurationList;
			buildConfigurations = (
				C1AA87EA2998C6B600747EA0 /* Debug */,
				C1AA87EB2998C6B600747EA0 /* Release */,
			);
			defaultConfigurationIsVisible = 0;
			defaultConfigurationName = Debug;
		};
		C1AA87EC2998C6B600747EA0 /* Build configuration list for PBXNativeTarget "Save It Right" */ = {
			isa = XCConfigurationList;
			buildConfigurations = (
				C1AA87ED2998C6B600747EA0 /* Debug */,
				C1AA87EE2998C6B600747EA0 /* Release */,
			);
			defaultConfigurationIsVisible = 0;
			defaultConfigurationName = Debug;
		};
/* End XCConfigurationList section */
	};
	rootObject = C1AA87D62998C6B400747EA0 /* Project object */;
}
